
Microsoft Visual Studio Solution File, Format Version 12.00
# Visual Studio Version 16
VisualStudioVersion = 16.0.32126.315
MinimumVisualStudioVersion = 10.0.40219.1
Project("{FAE04EC0-301F-11D3-BF4B-00C04F79EFBC}") = "Ex01_Nullable", "Ex01_Nullable\Ex01_Nullable.csproj", "{40A58F14-5ADA-44BA-9479-321A04AEDDB6}"
EndProject
Project("{FAE04EC0-301F-11D3-BF4B-00C04F79EFBC}") = "Ex02_Singleton", "Ex02_Singleton\Ex02_Singleton.csproj", "{A7ED20C7-E639-4C03-89CF-C946F6495B02}"
EndProject
Project("{FAE04EC0-301F-11D3-BF4B-00C04F79EFBC}") = "Ex03_Var_Type", "Ex03_Var_Type\Ex03_Var_Type.csproj", "{BBDBB7A6-59DD-4DF2-B297-2B67534BA0A2}"
EndProject
Project("{FAE04EC0-301F-11D3-BF4B-00C04F79EFBC}") = "Ex04_Var_List", "Ex04_Var_List\Ex04_Var_List.csproj", "{2CDC9A7B-EEAC-47E3-888F-30CAFC265DF8}"
EndProject
Project("{FAE04EC0-301F-11D3-BF4B-00C04F79EFBC}") = "Ex05_Yield", "Ex05_Yield\Ex05_Yield.csproj", "{B8DB5BEF-596E-4607-8BF4-B33C4E81D508}"
EndProject
Global
	GlobalSection(SolutionConfigurationPlatforms) = preSolution
		Debug|Any CPU = Debug|Any CPU
		Release|Any CPU = Release|Any CPU
	EndGlobalSection
	GlobalSection(ProjectConfigurationPlatforms) = postSolution
		{40A58F14-5ADA-44BA-9479-321A04AEDDB6}.Debug|Any CPU.ActiveCfg = Debug|Any CPU
		{40A58F14-5ADA-44BA-9479-321A04AEDDB6}.Debug|Any CPU.Build.0 = Debug|Any CPU
		{40A58F14-5ADA-44BA-9479-321A04AEDDB6}.Release|Any CPU.ActiveCfg = Release|Any CPU
		{40A58F14-5ADA-44BA-9479-321A04AEDDB6}.Release|Any CPU.Build.0 = Release|Any CPU
		{A7ED20C7-E639-4C03-89CF-C946F6495B02}.Debug|Any CPU.ActiveCfg = Debug|Any CPU
		{A7ED20C7-E639-4C03-89CF-C946F6495B02}.Debug|Any CPU.Build.0 = Debug|Any CPU
		{A7ED20C7-E639-4C03-89CF-C946F6495B02}.Release|Any CPU.ActiveCfg = Release|Any CPU
		{A7ED20C7-E639-4C03-89CF-C946F6495B02}.Release|Any CPU.Build.0 = Release|Any CPU
		{BBDBB7A6-59DD-4DF2-B297-2B67534BA0A2}.Debug|Any CPU.ActiveCfg = Debug|Any CPU
		{BBDBB7A6-59DD-4DF2-B297-2B67534BA0A2}.Debug|Any CPU.Build.0 = Debug|Any CPU
		{BBDBB7A6-59DD-4DF2-B297-2B67534BA0A2}.Release|Any CPU.ActiveCfg = Release|Any CPU
		{BBDBB7A6-59DD-4DF2-B297-2B67534BA0A2}.Release|Any CPU.Build.0 = Release|Any CPU
		{2CDC9A7B-EEAC-47E3-888F-30CAFC265DF8}.Debug|Any CPU.ActiveCfg = Debug|Any CPU
		{2CDC9A7B-EEAC-47E3-888F-30CAFC265DF8}.Debug|Any CPU.Build.0 = Debug|Any CPU
		{2CDC9A7B-EEAC-47E3-888F-30CAFC265DF8}.Release|Any CPU.ActiveCfg = Release|Any CPU
		{2CDC9A7B-EEAC-47E3-888F-30CAFC265DF8}.Release|Any CPU.Build.0 = Release|Any CPU
		{B8DB5BEF-596E-4607-8BF4-B33C4E81D508}.Debug|Any CPU.ActiveCfg = Debug|Any CPU
		{B8DB5BEF-596E-4607-8BF4-B33C4E81D508}.Debug|Any CPU.Build.0 = Debug|Any CPU
		{B8DB5BEF-596E-4607-8BF4-B33C4E81D508}.Release|Any CPU.ActiveCfg = Release|Any CPU
		{B8DB5BEF-596E-4607-8BF4-B33C4E81D508}.Release|Any CPU.Build.0 = Release|Any CPU
	EndGlobalSection
	GlobalSection(SolutionProperties) = preSolution
		HideSolutionNode = FALSE
	EndGlobalSection
	GlobalSection(ExtensibilityGlobals) = postSolution
		SolutionGuid = {684A80AE-4DC9-4C8F-B276-8237BA4D88A6}
	EndGlobalSection
EndGlobal
